version = 1
revision = 2
requires-python = ">=3.13"

[[package]]
name = "cache-examples"
version = "0.1.0"
source = { virtual = "." }

[package.dev-dependencies]
dev = [
    { name = "debugpy" },
]

[package.metadata]

[package.metadata.requires-dev]
dev = [{ name = "debugpy", specifier = ">=1.8.15" }]

[[package]]
name = "debugpy"
version = "1.8.15"
source = { registry = "https://pypi.org/simple" }
sdist = { url = "https://files.pythonhosted.org/packages/8c/8b/3a9a28ddb750a76eaec445c7f4d3147ea2c579a97dbd9e25d39001b92b21/debugpy-1.8.15.tar.gz", hash = "sha256:58d7a20b7773ab5ee6bdfb2e6cf622fdf1e40c9d5aef2857d85391526719ac00", size = 1643279, upload-time = "2025-07-15T16:43:29.135Z" }
wheels = [
    { url = "https://files.pythonhosted.org/packages/28/70/2928aad2310726d5920b18ed9f54b9f06df5aa4c10cf9b45fa18ff0ab7e8/debugpy-1.8.15-cp313-cp313-macosx_14_0_universal2.whl", hash = "sha256:f5e01291ad7d6649aed5773256c5bba7a1a556196300232de1474c3c372592bf", size = 2495538, upload-time = "2025-07-15T16:43:48.927Z" },
    { url = "https://files.pythonhosted.org/packages/9e/c6/9b8ffb4ca91fac8b2877eef63c9cc0e87dd2570b1120054c272815ec4cd0/debugpy-1.8.15-cp313-cp313-manylinux_2_5_x86_64.manylinux1_x86_64.manylinux_2_17_x86_64.manylinux2014_x86_64.whl", hash = "sha256:94dc0f0d00e528d915e0ce1c78e771475b2335b376c49afcc7382ee0b146bab6", size = 4221874, upload-time = "2025-07-15T16:43:50.282Z" },
    { url = "https://files.pythonhosted.org/packages/55/8a/9b8d59674b4bf489318c7c46a1aab58e606e583651438084b7e029bf3c43/debugpy-1.8.15-cp313-cp313-win32.whl", hash = "sha256:fcf0748d4f6e25f89dc5e013d1129ca6f26ad4da405e0723a4f704583896a709", size = 5275949, upload-time = "2025-07-15T16:43:52.079Z" },
    { url = "https://files.pythonhosted.org/packages/72/83/9e58e6fdfa8710a5e6ec06c2401241b9ad48b71c0a7eb99570a1f1edb1d3/debugpy-1.8.15-cp313-cp313-win_amd64.whl", hash = "sha256:73c943776cb83e36baf95e8f7f8da765896fd94b05991e7bc162456d25500683", size = 5317720, upload-time = "2025-07-15T16:43:53.703Z" },
    { url = "https://files.pythonhosted.org/packages/07/d5/98748d9860e767a1248b5e31ffa7ce8cb7006e97bf8abbf3d891d0a8ba4e/debugpy-1.8.15-py2.py3-none-any.whl", hash = "sha256:bce2e6c5ff4f2e00b98d45e7e01a49c7b489ff6df5f12d881c67d2f1ac635f3d", size = 5282697, upload-time = "2025-07-15T16:44:07.996Z" },
]
